
Microsoft Visual Studio Solution File, Format Version 12.00
# Visual Studio 15
VisualStudioVersion = 15.0.33919.361
MinimumVisualStudioVersion = 10.0.40219.1
Project("{FAE04EC0-301F-11D3-BF4B-00C04F79EFBC}") = "RichTextScreensaver", "RichTextScreensaver\RichTextScreensaver.csproj", "{1E6A6EDE-4065-471B-9A96-A7CF474475E5}"
EndProject
Global
	GlobalSection(SolutionConfigurationPlatforms) = preSolution
		Debug|Any CPU = Debug|Any CPU
		Release|Any CPU = Release|Any CPU
	EndGlobalSection
	GlobalSection(ProjectConfigurationPlatforms) = postSolution
		{1E6A6EDE-4065-471B-9A96-A7CF474475E5}.Debug|Any CPU.ActiveCfg = Debug|Any CPU
		{1E6A6EDE-4065-471B-9A96-A7CF474475E5}.Debug|Any CPU.Build.0 = Debug|Any CPU
		{1E6A6EDE-4065-471B-9A96-A7CF474475E5}.Release|Any CPU.ActiveCfg = Release|Any CPU
		{1E6A6EDE-4065-471B-9A96-A7CF474475E5}.Release|Any CPU.Build.0 = Release|Any CPU
	EndGlobalSection
	GlobalSection(SolutionProperties) = preSolution
		HideSolutionNode = FALSE
	EndGlobalSection
	GlobalSection(ExtensibilityGlobals) = postSolution
		SolutionGuid = {25D1A984-22D6-42F9-AC01-CEE929EE6692}
	EndGlobalSection
EndGlobal
